
Microsoft Visual Studio Solution File, Format Version 12.00
# Visual Studio Version 17
VisualStudioVersion = 17.14.36811.4
MinimumVisualStudioVersion = 10.0.40219.1
Project("{FAE04EC0-301F-11D3-BF4B-00C04F79EFBC}") = "AdbcDrivers.HiveServer2", "src\AdbcDrivers.HiveServer2\AdbcDrivers.HiveServer2.csproj", "{17121675-6414-DFF1-1AF8-85E4B30CDE83}"
EndProject
Project("{FAE04EC0-301F-11D3-BF4B-00C04F79EFBC}") = "AdbcDrivers.Tests.HiveServer2", "test\AdbcDrivers.Tests.HiveServer2\AdbcDrivers.Tests.HiveServer2.csproj", "{39E0E966-CE2D-104F-9504-5EB6DE205CDE}"
EndProject
Project("{2150E333-8FDC-42A3-9474-1A3956D46DE8}") = "Dependencies", "Dependencies", "{02EA681E-C7D8-13C7-8484-4AC65E1B71E8}"
EndProject
Project("{FAE04EC0-301F-11D3-BF4B-00C04F79EFBC}") = "Apache.Arrow.Adbc.Telemetry.Traces.Listeners", "arrow-adbc\csharp\src\Telemetry\Traces\Listeners\Apache.Arrow.Adbc.Telemetry.Traces.Listeners.csproj", "{CE59B9B8-E2D9-68B5-D25D-6CC418E5BE00}"
EndProject
Project("{FAE04EC0-301F-11D3-BF4B-00C04F79EFBC}") = "Apache.Arrow.Adbc", "arrow-adbc\csharp\src\Apache.Arrow.Adbc\Apache.Arrow.Adbc.csproj", "{8BFC2CBA-D9B9-C719-0617-59A21A7D7DF9}"
EndProject
Project("{FAE04EC0-301F-11D3-BF4B-00C04F79EFBC}") = "Apache.Arrow.Adbc.Testing", "arrow-adbc\csharp\test\Apache.Arrow.Adbc.Tests\Apache.Arrow.Adbc.Testing.csproj", "{EE0237C1-8A0B-A741-27F0-AF5CF3CBEE5A}"
EndProject
Project("{FAE04EC0-301F-11D3-BF4B-00C04F79EFBC}") = "Apache.Arrow.Adbc.Client", "arrow-adbc\csharp\src\Client\Apache.Arrow.Adbc.Client.csproj", "{80163E19-0794-37AE-1FA0-FFFA6A2DEC62}"
EndProject
Project("{FAE04EC0-301F-11D3-BF4B-00C04F79EFBC}") = "AdbcDrivers.HiveServer2.TestServer", "test\AdbcDrivers.HiveServer2.TestServer\AdbcDrivers.HiveServer2.TestServer.csproj", "{F0C38B67-A2CC-4FE5-823E-442169D8F3CD}"
EndProject
Project("{2150E333-8FDC-42A3-9474-1A3956D46DE8}") = "benchmarks", "benchmarks", "{66320409-64EC-F7C5-3DEF-65E7510DAAD1}"
EndProject
Project("{FAE04EC0-301F-11D3-BF4B-00C04F79EFBC}") = "AdbcDrivers.HiveServer2.Benchmarks", "benchmarks\AdbcDrivers.HiveServer2.Benchmarks\AdbcDrivers.HiveServer2.Benchmarks.csproj", "{842E1C4F-1670-49E5-B2FE-4A2703BFB5EE}"
EndProject
Project("{2150E333-8FDC-42A3-9474-1A3956D46DE8}") = "src", "src", "{827E0CD3-B72D-47B6-A68D-7590B98EB39B}"
EndProject
Project("{FAE04EC0-301F-11D3-BF4B-00C04F79EFBC}") = "AdbcDrivers.HiveServer2.Native", "src\AdbcDrivers.HiveServer2.Native\AdbcDrivers.HiveServer2.Native.csproj", "{2C241B72-F9E8-4A21-92B6-0A7F91DB5221}"
EndProject
Project("{FAE04EC0-301F-11D3-BF4B-00C04F79EFBC}") = "AdbcDrivers.HiveServer2.Native.Tests", "test\AdbcDrivers.HiveServer2.Native.Tests\AdbcDrivers.HiveServer2.Native.Tests.csproj", "{BCB58237-F854-4AB3-88A2-1A4ECF4422B3}"
EndProject
Global
	GlobalSection(SolutionConfigurationPlatforms) = preSolution
		Debug|Any CPU = Debug|Any CPU
		Debug|x64 = Debug|x64
		Debug|x86 = Debug|x86
		Release|Any CPU = Release|Any CPU
		Release|x64 = Release|x64
		Release|x86 = Release|x86
	EndGlobalSection
	GlobalSection(ProjectConfigurationPlatforms) = postSolution
		{17121675-6414-DFF1-1AF8-85E4B30CDE83}.Debug|Any CPU.ActiveCfg = Debug|Any CPU
		{17121675-6414-DFF1-1AF8-85E4B30CDE83}.Debug|Any CPU.Build.0 = Debug|Any CPU
		{17121675-6414-DFF1-1AF8-85E4B30CDE83}.Debug|x64.ActiveCfg = Debug|Any CPU
		{17121675-6414-DFF1-1AF8-85E4B30CDE83}.Debug|x64.Build.0 = Debug|Any CPU
		{17121675-6414-DFF1-1AF8-85E4B30CDE83}.Debug|x86.ActiveCfg = Debug|Any CPU
		{17121675-6414-DFF1-1AF8-85E4B30CDE83}.Debug|x86.Build.0 = Debug|Any CPU
		{17121675-6414-DFF1-1AF8-85E4B30CDE83}.Release|Any CPU.ActiveCfg = Release|Any CPU
		{17121675-6414-DFF1-1AF8-85E4B30CDE83}.Release|Any CPU.Build.0 = Release|Any CPU
		{17121675-6414-DFF1-1AF8-85E4B30CDE83}.Release|x64.ActiveCfg = Release|Any CPU
		{17121675-6414-DFF1-1AF8-85E4B30CDE83}.Release|x64.Build.0 = Release|Any CPU
		{17121675-6414-DFF1-1AF8-85E4B30CDE83}.Release|x86.ActiveCfg = Release|Any CPU
		{17121675-6414-DFF1-1AF8-85E4B30CDE83}.Release|x86.Build.0 = Release|Any CPU
		{39E0E966-CE2D-104F-9504-5EB6DE205CDE}.Debug|Any CPU.ActiveCfg = Debug|Any CPU
		{39E0E966-CE2D-104F-9504-5EB6DE205CDE}.Debug|Any CPU.Build.0 = Debug|Any CPU
		{39E0E966-CE2D-104F-9504-5EB6DE205CDE}.Debug|x64.ActiveCfg = Debug|Any CPU
		{39E0E966-CE2D-104F-9504-5EB6DE205CDE}.Debug|x64.Build.0 = Debug|Any CPU
		{39E0E966-CE2D-104F-9504-5EB6DE205CDE}.Debug|x86.ActiveCfg = Debug|Any CPU
		{39E0E966-CE2D-104F-9504-5EB6DE205CDE}.Debug|x86.Build.0 = Debug|Any CPU
		{39E0E966-CE2D-104F-9504-5EB6DE205CDE}.Release|Any CPU.ActiveCfg = Release|Any CPU
		{39E0E966-CE2D-104F-9504-5EB6DE205CDE}.Release|Any CPU.Build.0 = Release|Any CPU
		{39E0E966-CE2D-104F-9504-5EB6DE205CDE}.Release|x64.ActiveCfg = Release|Any CPU
		{39E0E966-CE2D-104F-9504-5EB6DE205CDE}.Release|x64.Build.0 = Release|Any CPU
		{39E0E966-CE2D-104F-9504-5EB6DE205CDE}.Release|x86.ActiveCfg = Release|Any CPU
		{39E0E966-CE2D-104F-9504-5EB6DE205CDE}.Release|x86.Build.0 = Release|Any CPU
		{CE59B9B8-E2D9-68B5-D25D-6CC418E5BE00}.Debug|Any CPU.ActiveCfg = Debug|Any CPU
		{CE59B9B8-E2D9-68B5-D25D-6CC418E5BE00}.Debug|Any CPU.Build.0 = Debug|Any CPU
		{CE59B9B8-E2D9-68B5-D25D-6CC418E5BE00}.Debug|x64.ActiveCfg = Debug|Any CPU
		{CE59B9B8-E2D9-68B5-D25D-6CC418E5BE00}.Debug|x64.Build.0 = Debug|Any CPU
		{CE59B9B8-E2D9-68B5-D25D-6CC418E5BE00}.Debug|x86.ActiveCfg = Debug|Any CPU
		{CE59B9B8-E2D9-68B5-D25D-6CC418E5BE00}.Debug|x86.Build.0 = Debug|Any CPU
		{CE59B9B8-E2D9-68B5-D25D-6CC418E5BE00}.Release|Any CPU.ActiveCfg = Release|Any CPU
		{CE59B9B8-E2D9-68B5-D25D-6CC418E5BE00}.Release|Any CPU.Build.0 = Release|Any CPU
		{CE59B9B8-E2D9-68B5-D25D-6CC418E5BE00}.Release|x64.ActiveCfg = Release|Any CPU
		{CE59B9B8-E2D9-68B5-D25D-6CC418E5BE00}.Release|x64.Build.0 = Release|Any CPU
		{CE59B9B8-E2D9-68B5-D25D-6CC418E5BE00}.Release|x86.ActiveCfg = Release|Any CPU
		{CE59B9B8-E2D9-68B5-D25D-6CC418E5BE00}.Release|x86.Build.0 = Release|Any CPU
		{8BFC2CBA-D9B9-C719-0617-59A21A7D7DF9}.Debug|Any CPU.ActiveCfg = Debug|Any CPU
		{8BFC2CBA-D9B9-C719-0617-59A21A7D7DF9}.Debug|Any CPU.Build.0 = Debug|Any CPU
		{8BFC2CBA-D9B9-C719-0617-59A21A7D7DF9}.Debug|x64.ActiveCfg = Debug|Any CPU
		{8BFC2CBA-D9B9-C719-0617-59A21A7D7DF9}.Debug|x64.Build.0 = Debug|Any CPU
		{8BFC2CBA-D9B9-C719-0617-59A21A7D7DF9}.Debug|x86.ActiveCfg = Debug|Any CPU
		{8BFC2CBA-D9B9-C719-0617-59A21A7D7DF9}.Debug|x86.Build.0 = Debug|Any CPU
		{8BFC2CBA-D9B9-C719-0617-59A21A7D7DF9}.Release|Any CPU.ActiveCfg = Release|Any CPU
		{8BFC2CBA-D9B9-C719-0617-59A21A7D7DF9}.Release|Any CPU.Build.0 = Release|Any CPU
		{8BFC2CBA-D9B9-C719-0617-59A21A7D7DF9}.Release|x64.ActiveCfg = Release|Any CPU
		{8BFC2CBA-D9B9-C719-0617-59A21A7D7DF9}.Release|x64.Build.0 = Release|Any CPU
		{8BFC2CBA-D9B9-C719-0617-59A21A7D7DF9}.Release|x86.ActiveCfg = Release|Any CPU
		{8BFC2CBA-D9B9-C719-0617-59A21A7D7DF9}.Release|x86.Build.0 = Release|Any CPU
		{EE0237C1-8A0B-A741-27F0-AF5CF3CBEE5A}.Debug|Any CPU.ActiveCfg = Debug|Any CPU
		{EE0237C1-8A0B-A741-27F0-AF5CF3CBEE5A}.Debug|Any CPU.Build.0 = Debug|Any CPU
		{EE0237C1-8A0B-A741-27F0-AF5CF3CBEE5A}.Debug|x64.ActiveCfg = Debug|Any CPU
		{EE0237C1-8A0B-A741-27F0-AF5CF3CBEE5A}.Debug|x64.Build.0 = Debug|Any CPU
		{EE0237C1-8A0B-A741-27F0-AF5CF3CBEE5A}.Debug|x86.ActiveCfg = Debug|Any CPU
		{EE0237C1-8A0B-A741-27F0-AF5CF3CBEE5A}.Debug|x86.Build.0 = Debug|Any CPU
		{EE0237C1-8A0B-A741-27F0-AF5CF3CBEE5A}.Release|Any CPU.ActiveCfg = Release|Any CPU
		{EE0237C1-8A0B-A741-27F0-AF5CF3CBEE5A}.Release|Any CPU.Build.0 = Release|Any CPU
		{EE0237C1-8A0B-A741-27F0-AF5CF3CBEE5A}.Release|x64.ActiveCfg = Release|Any CPU
		{EE0237C1-8A0B-A741-27F0-AF5CF3CBEE5A}.Release|x64.Build.0 = Release|Any CPU
		{EE0237C1-8A0B-A741-27F0-AF5CF3CBEE5A}.Release|x86.ActiveCfg = Release|Any CPU
		{EE0237C1-8A0B-A741-27F0-AF5CF3CBEE5A}.Release|x86.Build.0 = Release|Any CPU
		{80163E19-0794-37AE-1FA0-FFFA6A2DEC62}.Debug|Any CPU.ActiveCfg = Debug|Any CPU
		{80163E19-0794-37AE-1FA0-FFFA6A2DEC62}.Debug|Any CPU.Build.0 = Debug|Any CPU
		{80163E19-0794-37AE-1FA0-FFFA6A2DEC62}.Debug|x64.ActiveCfg = Debug|Any CPU
		{80163E19-0794-37AE-1FA0-FFFA6A2DEC62}.Debug|x64.Build.0 = Debug|Any CPU
		{80163E19-0794-37AE-1FA0-FFFA6A2DEC62}.Debug|x86.ActiveCfg = Debug|Any CPU
		{80163E19-0794-37AE-1FA0-FFFA6A2DEC62}.Debug|x86.Build.0 = Debug|Any CPU
		{80163E19-0794-37AE-1FA0-FFFA6A2DEC62}.Release|Any CPU.ActiveCfg = Release|Any CPU
		{80163E19-0794-37AE-1FA0-FFFA6A2DEC62}.Release|Any CPU.Build.0 = Release|Any CPU
		{80163E19-0794-37AE-1FA0-FFFA6A2DEC62}.Release|x64.ActiveCfg = Release|Any CPU
		{80163E19-0794-37AE-1FA0-FFFA6A2DEC62}.Release|x64.Build.0 = Release|Any CPU
		{80163E19-0794-37AE-1FA0-FFFA6A2DEC62}.Release|x86.ActiveCfg = Release|Any CPU
		{80163E19-0794-37AE-1FA0-FFFA6A2DEC62}.Release|x86.Build.0 = Release|Any CPU
		{F0C38B67-A2CC-4FE5-823E-442169D8F3CD}.Debug|Any CPU.ActiveCfg = Debug|Any CPU
		{F0C38B67-A2CC-4FE5-823E-442169D8F3CD}.Debug|Any CPU.Build.0 = Debug|Any CPU
		{F0C38B67-A2CC-4FE5-823E-442169D8F3CD}.Debug|x64.ActiveCfg = Debug|Any CPU
		{F0C38B67-A2CC-4FE5-823E-442169D8F3CD}.Debug|x64.Build.0 = Debug|Any CPU
		{F0C38B67-A2CC-4FE5-823E-442169D8F3CD}.Debug|x86.ActiveCfg = Debug|Any CPU
		{F0C38B67-A2CC-4FE5-823E-442169D8F3CD}.Debug|x86.Build.0 = Debug|Any CPU
		{F0C38B67-A2CC-4FE5-823E-442169D8F3CD}.Release|Any CPU.ActiveCfg = Release|Any CPU
		{F0C38B67-A2CC-4FE5-823E-442169D8F3CD}.Release|Any CPU.Build.0 = Release|Any CPU
		{F0C38B67-A2CC-4FE5-823E-442169D8F3CD}.Release|x64.ActiveCfg = Release|Any CPU
		{F0C38B67-A2CC-4FE5-823E-442169D8F3CD}.Release|x64.Build.0 = Release|Any CPU
		{F0C38B67-A2CC-4FE5-823E-442169D8F3CD}.Release|x86.ActiveCfg = Release|Any CPU
		{F0C38B67-A2CC-4FE5-823E-442169D8F3CD}.Release|x86.Build.0 = Release|Any CPU
		{842E1C4F-1670-49E5-B2FE-4A2703BFB5EE}.Debug|Any CPU.ActiveCfg = Debug|Any CPU
		{842E1C4F-1670-49E5-B2FE-4A2703BFB5EE}.Debug|Any CPU.Build.0 = Debug|Any CPU
		{842E1C4F-1670-49E5-B2FE-4A2703BFB5EE}.Debug|x64.ActiveCfg = Debug|Any CPU
		{842E1C4F-1670-49E5-B2FE-4A2703BFB5EE}.Debug|x64.Build.0 = Debug|Any CPU
		{842E1C4F-1670-49E5-B2FE-4A2703BFB5EE}.Debug|x86.ActiveCfg = Debug|Any CPU
		{842E1C4F-1670-49E5-B2FE-4A2703BFB5EE}.Debug|x86.Build.0 = Debug|Any CPU
		{842E1C4F-1670-49E5-B2FE-4A2703BFB5EE}.Release|Any CPU.ActiveCfg = Release|Any CPU
		{842E1C4F-1670-49E5-B2FE-4A2703BFB5EE}.Release|Any CPU.Build.0 = Release|Any CPU
		{842E1C4F-1670-49E5-B2FE-4A2703BFB5EE}.Release|x64.ActiveCfg = Release|Any CPU
		{842E1C4F-1670-49E5-B2FE-4A2703BFB5EE}.Release|x64.Build.0 = Release|Any CPU
		{842E1C4F-1670-49E5-B2FE-4A2703BFB5EE}.Release|x86.ActiveCfg = Release|Any CPU
		{842E1C4F-1670-49E5-B2FE-4A2703BFB5EE}.Release|x86.Build.0 = Release|Any CPU
		{2C241B72-F9E8-4A21-92B6-0A7F91DB5221}.Debug|Any CPU.ActiveCfg = Debug|Any CPU
		{2C241B72-F9E8-4A21-92B6-0A7F91DB5221}.Debug|Any CPU.Build.0 = Debug|Any CPU
		{2C241B72-F9E8-4A21-92B6-0A7F91DB5221}.Debug|x64.ActiveCfg = Debug|Any CPU
		{2C241B72-F9E8-4A21-92B6-0A7F91DB5221}.Debug|x64.Build.0 = Debug|Any CPU
		{2C241B72-F9E8-4A21-92B6-0A7F91DB5221}.Debug|x86.ActiveCfg = Debug|Any CPU
		{2C241B72-F9E8-4A21-92B6-0A7F91DB5221}.Debug|x86.Build.0 = Debug|Any CPU
		{2C241B72-F9E8-4A21-92B6-0A7F91DB5221}.Release|Any CPU.ActiveCfg = Release|Any CPU
		{2C241B72-F9E8-4A21-92B6-0A7F91DB5221}.Release|Any CPU.Build.0 = Release|Any CPU
		{2C241B72-F9E8-4A21-92B6-0A7F91DB5221}.Release|x64.ActiveCfg = Release|Any CPU
		{2C241B72-F9E8-4A21-92B6-0A7F91DB5221}.Release|x64.Build.0 = Release|Any CPU
		{2C241B72-F9E8-4A21-92B6-0A7F91DB5221}.Release|x86.ActiveCfg = Release|Any CPU
		{2C241B72-F9E8-4A21-92B6-0A7F91DB5221}.Release|x86.Build.0 = Release|Any CPU
		{BCB58237-F854-4AB3-88A2-1A4ECF4422B3}.Debug|Any CPU.ActiveCfg = Debug|Any CPU
		{BCB58237-F854-4AB3-88A2-1A4ECF4422B3}.Debug|Any CPU.Build.0 = Debug|Any CPU
		{BCB58237-F854-4AB3-88A2-1A4ECF4422B3}.Debug|x64.ActiveCfg = Debug|Any CPU
		{BCB58237-F854-4AB3-88A2-1A4ECF4422B3}.Debug|x64.Build.0 = Debug|Any CPU
		{BCB58237-F854-4AB3-88A2-1A4ECF4422B3}.Debug|x86.ActiveCfg = Debug|Any CPU
		{BCB58237-F854-4AB3-88A2-1A4ECF4422B3}.Debug|x86.Build.0 = Debug|Any CPU
		{BCB58237-F854-4AB3-88A2-1A4ECF4422B3}.Release|Any CPU.ActiveCfg = Release|Any CPU
		{BCB58237-F854-4AB3-88A2-1A4ECF4422B3}.Release|Any CPU.Build.0 = Release|Any CPU
		{BCB58237-F854-4AB3-88A2-1A4ECF4422B3}.Release|x64.ActiveCfg = Release|Any CPU
		{BCB58237-F854-4AB3-88A2-1A4ECF4422B3}.Release|x64.Build.0 = Release|Any CPU
		{BCB58237-F854-4AB3-88A2-1A4ECF4422B3}.Release|x86.ActiveCfg = Release|Any CPU
		{BCB58237-F854-4AB3-88A2-1A4ECF4422B3}.Release|x86.Build.0 = Release|Any CPU
	EndGlobalSection
	GlobalSection(SolutionProperties) = preSolution
		HideSolutionNode = FALSE
	EndGlobalSection
	GlobalSection(NestedProjects) = preSolution
		{CE59B9B8-E2D9-68B5-D25D-6CC418E5BE00} = {02EA681E-C7D8-13C7-8484-4AC65E1B71E8}
		{8BFC2CBA-D9B9-C719-0617-59A21A7D7DF9} = {02EA681E-C7D8-13C7-8484-4AC65E1B71E8}
		{EE0237C1-8A0B-A741-27F0-AF5CF3CBEE5A} = {02EA681E-C7D8-13C7-8484-4AC65E1B71E8}
		{80163E19-0794-37AE-1FA0-FFFA6A2DEC62} = {02EA681E-C7D8-13C7-8484-4AC65E1B71E8}
		{842E1C4F-1670-49E5-B2FE-4A2703BFB5EE} = {66320409-64EC-F7C5-3DEF-65E7510DAAD1}
	EndGlobalSection
	GlobalSection(ExtensibilityGlobals) = postSolution
		SolutionGuid = {97A632C5-6BA0-439B-858D-642CD73AF63A}
	EndGlobalSection
EndGlobal
