
Microsoft Visual Studio Solution File, Format Version 12.00
# Visual Studio Version 17
VisualStudioVersion = 17.14.36811.4
MinimumVisualStudioVersion = 10.0.40219.1
Project("{FAE04EC0-301F-11D3-BF4B-00C04F79EFBC}") = "AdbcDrivers.HiveServer2", "src\AdbcDrivers.HiveServer2\AdbcDrivers.HiveServer2.csproj", "{17121675-6414-DFF1-1AF8-85E4B30CDE83}"
EndProject
Project("{FAE04EC0-301F-11D3-BF4B-00C04F79EFBC}") = "AdbcDrivers.Tests.HiveServer2", "test\AdbcDrivers.Tests.HiveServer2\AdbcDrivers.Tests.HiveServer2.csproj", "{39E0E966-CE2D-104F-9504-5EB6DE205CDE}"
EndProject
Project("{2150E333-8FDC-42A3-9474-1A3956D46DE8}") = "Dependencies", "Dependencies", "{02EA681E-C7D8-13C7-8484-4AC65E1B71E8}"
EndProject
Project("{FAE04EC0-301F-11D3-BF4B-00C04F79EFBC}") = "Apache.Arrow.Adbc.Telemetry.Traces.Listeners", "arrow-adbc\csharp\src\Telemetry\Traces\Listeners\Apache.Arrow.Adbc.Telemetry.Traces.Listeners.csproj", "{CE59B9B8-E2D9-68B5-D25D-6CC418E5BE00}"
EndProject
Project("{FAE04EC0-301F-11D3-BF4B-00C04F79EFBC}") = "Apache.Arrow.Adbc", "arrow-adbc\csharp\src\Apache.Arrow.Adbc\Apache.Arrow.Adbc.csproj", "{8BFC2CBA-D9B9-C719-0617-59A21A7D7DF9}"
EndProject
Project("{FAE04EC0-301F-11D3-BF4B-00C04F79EFBC}") = "Apache.Arrow.Adbc.Testing", "arrow-adbc\csharp\test\Apache.Arrow.Adbc.Tests\Apache.Arrow.Adbc.Testing.csproj", "{EE0237C1-8A0B-A741-27F0-AF5CF3CBEE5A}"
EndProject
Project("{FAE04EC0-301F-11D3-BF4B-00C04F79EFBC}") = "Apache.Arrow.Adbc.Client", "arrow-adbc\csharp\src\Client\Apache.Arrow.Adbc.Client.csproj", "{80163E19-0794-37AE-1FA0-FFFA6A2DEC62}"
EndProject
Global
	GlobalSection(SolutionConfigurationPlatforms) = preSolution
		Debug|Any CPU = Debug|Any CPU
		Release|Any CPU = Release|Any CPU
	EndGlobalSection
	GlobalSection(ProjectConfigurationPlatforms) = postSolution
		{17121675-6414-DFF1-1AF8-85E4B30CDE83}.Debug|Any CPU.ActiveCfg = Debug|Any CPU
		{17121675-6414-DFF1-1AF8-85E4B30CDE83}.Debug|Any CPU.Build.0 = Debug|Any CPU
		{17121675-6414-DFF1-1AF8-85E4B30CDE83}.Release|Any CPU.ActiveCfg = Release|Any CPU
		{17121675-6414-DFF1-1AF8-85E4B30CDE83}.Release|Any CPU.Build.0 = Release|Any CPU
		{39E0E966-CE2D-104F-9504-5EB6DE205CDE}.Debug|Any CPU.ActiveCfg = Debug|Any CPU
		{39E0E966-CE2D-104F-9504-5EB6DE205CDE}.Debug|Any CPU.Build.0 = Debug|Any CPU
		{39E0E966-CE2D-104F-9504-5EB6DE205CDE}.Release|Any CPU.ActiveCfg = Release|Any CPU
		{39E0E966-CE2D-104F-9504-5EB6DE205CDE}.Release|Any CPU.Build.0 = Release|Any CPU
		{CE59B9B8-E2D9-68B5-D25D-6CC418E5BE00}.Debug|Any CPU.ActiveCfg = Debug|Any CPU
		{CE59B9B8-E2D9-68B5-D25D-6CC418E5BE00}.Debug|Any CPU.Build.0 = Debug|Any CPU
		{CE59B9B8-E2D9-68B5-D25D-6CC418E5BE00}.Release|Any CPU.ActiveCfg = Release|Any CPU
		{CE59B9B8-E2D9-68B5-D25D-6CC418E5BE00}.Release|Any CPU.Build.0 = Release|Any CPU
		{8BFC2CBA-D9B9-C719-0617-59A21A7D7DF9}.Debug|Any CPU.ActiveCfg = Debug|Any CPU
		{8BFC2CBA-D9B9-C719-0617-59A21A7D7DF9}.Debug|Any CPU.Build.0 = Debug|Any CPU
		{8BFC2CBA-D9B9-C719-0617-59A21A7D7DF9}.Release|Any CPU.ActiveCfg = Release|Any CPU
		{8BFC2CBA-D9B9-C719-0617-59A21A7D7DF9}.Release|Any CPU.Build.0 = Release|Any CPU
		{EE0237C1-8A0B-A741-27F0-AF5CF3CBEE5A}.Debug|Any CPU.ActiveCfg = Debug|Any CPU
		{EE0237C1-8A0B-A741-27F0-AF5CF3CBEE5A}.Debug|Any CPU.Build.0 = Debug|Any CPU
		{EE0237C1-8A0B-A741-27F0-AF5CF3CBEE5A}.Release|Any CPU.ActiveCfg = Release|Any CPU
		{EE0237C1-8A0B-A741-27F0-AF5CF3CBEE5A}.Release|Any CPU.Build.0 = Release|Any CPU
		{80163E19-0794-37AE-1FA0-FFFA6A2DEC62}.Debug|Any CPU.ActiveCfg = Debug|Any CPU
		{80163E19-0794-37AE-1FA0-FFFA6A2DEC62}.Debug|Any CPU.Build.0 = Debug|Any CPU
		{80163E19-0794-37AE-1FA0-FFFA6A2DEC62}.Release|Any CPU.ActiveCfg = Release|Any CPU
		{80163E19-0794-37AE-1FA0-FFFA6A2DEC62}.Release|Any CPU.Build.0 = Release|Any CPU
	EndGlobalSection
	GlobalSection(SolutionProperties) = preSolution
		HideSolutionNode = FALSE
	EndGlobalSection
	GlobalSection(NestedProjects) = preSolution
		{CE59B9B8-E2D9-68B5-D25D-6CC418E5BE00} = {02EA681E-C7D8-13C7-8484-4AC65E1B71E8}
		{8BFC2CBA-D9B9-C719-0617-59A21A7D7DF9} = {02EA681E-C7D8-13C7-8484-4AC65E1B71E8}
		{EE0237C1-8A0B-A741-27F0-AF5CF3CBEE5A} = {02EA681E-C7D8-13C7-8484-4AC65E1B71E8}
		{80163E19-0794-37AE-1FA0-FFFA6A2DEC62} = {02EA681E-C7D8-13C7-8484-4AC65E1B71E8}
	EndGlobalSection
	GlobalSection(ExtensibilityGlobals) = postSolution
		SolutionGuid = {97A632C5-6BA0-439B-858D-642CD73AF63A}
	EndGlobalSection
EndGlobal
